
Microsoft Visual Studio Solution File, Format Version 12.00
# Visual Studio Version 17
VisualStudioVersion = 17.0.31903.59
MinimumVisualStudioVersion = 10.0.40219.1
Project("{2150E333-8FDC-42A3-9474-1A3956D46DE8}") = "src", "src", "{827E0CD3-B72D-47B6-A68D-7590B98EB39B}"
EndProject
Project("{FAE04EC0-301F-11D3-BF4B-00C04F79EFBC}") = "Cake.Grype", "src\Cake.Grype\Cake.Grype.csproj", "{8CA74EA5-F4EA-4890-9EB8-B7CC8B0D92F1}"
EndProject
Project("{2150E333-8FDC-42A3-9474-1A3956D46DE8}") = "tests", "tests", "{0AB3BF05-4346-4AA6-1389-037BE0695223}"
EndProject
Project("{FAE04EC0-301F-11D3-BF4B-00C04F79EFBC}") = "Cake.Grype.Tests", "tests\Cake.Grype.Tests\Cake.Grype.Tests.csproj", "{C21454D8-08ED-4572-8D7D-21F62BDDE913}"
EndProject
Global
	GlobalSection(SolutionConfigurationPlatforms) = preSolution
		Debug|Any CPU = Debug|Any CPU
		Debug|x64 = Debug|x64
		Debug|x86 = Debug|x86
		Release|Any CPU = Release|Any CPU
		Release|x64 = Release|x64
		Release|x86 = Release|x86
	EndGlobalSection
	GlobalSection(ProjectConfigurationPlatforms) = postSolution
		{8CA74EA5-F4EA-4890-9EB8-B7CC8B0D92F1}.Debug|Any CPU.ActiveCfg = Debug|Any CPU
		{8CA74EA5-F4EA-4890-9EB8-B7CC8B0D92F1}.Debug|Any CPU.Build.0 = Debug|Any CPU
		{8CA74EA5-F4EA-4890-9EB8-B7CC8B0D92F1}.Debug|x64.ActiveCfg = Debug|Any CPU
		{8CA74EA5-F4EA-4890-9EB8-B7CC8B0D92F1}.Debug|x64.Build.0 = Debug|Any CPU
		{8CA74EA5-F4EA-4890-9EB8-B7CC8B0D92F1}.Debug|x86.ActiveCfg = Debug|Any CPU
		{8CA74EA5-F4EA-4890-9EB8-B7CC8B0D92F1}.Debug|x86.Build.0 = Debug|Any CPU
		{8CA74EA5-F4EA-4890-9EB8-B7CC8B0D92F1}.Release|Any CPU.ActiveCfg = Release|Any CPU
		{8CA74EA5-F4EA-4890-9EB8-B7CC8B0D92F1}.Release|Any CPU.Build.0 = Release|Any CPU
		{8CA74EA5-F4EA-4890-9EB8-B7CC8B0D92F1}.Release|x64.ActiveCfg = Release|Any CPU
		{8CA74EA5-F4EA-4890-9EB8-B7CC8B0D92F1}.Release|x64.Build.0 = Release|Any CPU
		{8CA74EA5-F4EA-4890-9EB8-B7CC8B0D92F1}.Release|x86.ActiveCfg = Release|Any CPU
		{8CA74EA5-F4EA-4890-9EB8-B7CC8B0D92F1}.Release|x86.Build.0 = Release|Any CPU
		{C21454D8-08ED-4572-8D7D-21F62BDDE913}.Debug|Any CPU.ActiveCfg = Debug|Any CPU
		{C21454D8-08ED-4572-8D7D-21F62BDDE913}.Debug|Any CPU.Build.0 = Debug|Any CPU
		{C21454D8-08ED-4572-8D7D-21F62BDDE913}.Debug|x64.ActiveCfg = Debug|Any CPU
		{C21454D8-08ED-4572-8D7D-21F62BDDE913}.Debug|x64.Build.0 = Debug|Any CPU
		{C21454D8-08ED-4572-8D7D-21F62BDDE913}.Debug|x86.ActiveCfg = Debug|Any CPU
		{C21454D8-08ED-4572-8D7D-21F62BDDE913}.Debug|x86.Build.0 = Debug|Any CPU
		{C21454D8-08ED-4572-8D7D-21F62BDDE913}.Release|Any CPU.ActiveCfg = Release|Any CPU
		{C21454D8-08ED-4572-8D7D-21F62BDDE913}.Release|Any CPU.Build.0 = Release|Any CPU
		{C21454D8-08ED-4572-8D7D-21F62BDDE913}.Release|x64.ActiveCfg = Release|Any CPU
		{C21454D8-08ED-4572-8D7D-21F62BDDE913}.Release|x64.Build.0 = Release|Any CPU
		{C21454D8-08ED-4572-8D7D-21F62BDDE913}.Release|x86.ActiveCfg = Release|Any CPU
		{C21454D8-08ED-4572-8D7D-21F62BDDE913}.Release|x86.Build.0 = Release|Any CPU
	EndGlobalSection
	GlobalSection(SolutionProperties) = preSolution
		HideSolutionNode = FALSE
	EndGlobalSection
	GlobalSection(NestedProjects) = preSolution
		{8CA74EA5-F4EA-4890-9EB8-B7CC8B0D92F1} = {827E0CD3-B72D-47B6-A68D-7590B98EB39B}
		{C21454D8-08ED-4572-8D7D-21F62BDDE913} = {0AB3BF05-4346-4AA6-1389-037BE0695223}
	EndGlobalSection
EndGlobal
